// !$*UTF8*$!
{
	archiveVersion = 1;
	classes = {
	};
	objectVersion = 77;
	objects = {

/* Begin PBXBuildFile section */
		006BCD5E5A69C195FA9490C4 /* SettingsImportExportControllerTests.swift in Sources */ = {isa = PBXBuildFile; fileRef = A326C54DE9B73BA7405FCB32 /* SettingsImportExportControllerTests.swift */; };
		029632FEBA8975DA58B860D4 /* SettingsErrorMessageFactoryTests.swift in Sources */ = {isa = PBXBuildFile; fileRef = B4E60684E1B6272D9745193A /* SettingsErrorMessageFactoryTests.swift */; };
		02D6EB6FE471B72C253E694B /* LibraryView.swift in Sources */ = {isa = PBXBuildFile; fileRef = 44533584DC00160FE0C4B52A /* LibraryView.swift */; };
		043498A7445FCFA8D53626E7 /* DeepSeekTranslationClient.swift in Sources */ = {isa = PBXBuildFile; fileRef = 9C12FD3785C7C960302258E6 /* DeepSeekTranslationClient.swift */; };
		061E4D2504C5784EE78F29A0 /* Assets.xcassets in Resources */ = {isa = PBXBuildFile; fileRef = 90DB37BC6A6D92D6B7DEF9BF /* Assets.xcassets */; };
		063E7182FAD89E83C949B943 /* DeepSeekBalanceResponseTests.swift in Sources */ = {isa = PBXBuildFile; fileRef = D292D4CF8CBF1E54EC0932D9 /* DeepSeekBalanceResponseTests.swift */; };
		0671A7181E2798D1F30336E0 /* TranslationHistoryStore.swift in Sources */ = {isa = PBXBuildFile; fileRef = 721B9483061EDEEB9D4C52BD /* TranslationHistoryStore.swift */; };
		079B623B7B372FF0D90B0607 /* LanguageDirectionTests.swift in Sources */ = {isa = PBXBuildFile; fileRef = 9620FC5598FBD6CA7CB9106B /* LanguageDirectionTests.swift */; };
		08E0FC5C646757C700EA296E /* MemoryItem.swift in Sources */ = {isa = PBXBuildFile; fileRef = 685B7AD82D463A45F145A2B4 /* MemoryItem.swift */; };
		0B302040AA11E344D195DAC1 /* DeepSeekTranslationResponseTests.swift in Sources */ = {isa = PBXBuildFile; fileRef = 33D082A030BD30DDD1F94CED /* DeepSeekTranslationResponseTests.swift */; };
		0E11FBE5FB9107A314FEEF91 /* TranslationHistoryRepository.swift in Sources */ = {isa = PBXBuildFile; fileRef = 4D4A7FB7FCC5F7BD59669735 /* TranslationHistoryRepository.swift */; };
		0F01AF2937029ED82C6A143C /* CoreDataMemoryStore.swift in Sources */ = {isa = PBXBuildFile; fileRef = 22148C574EC153CD30D8E876 /* CoreDataMemoryStore.swift */; };
		102D82AE369D4F041D4243DC /* AppDataControllerTests.swift in Sources */ = {isa = PBXBuildFile; fileRef = 34E1AB2FCE2706C58FFA814B /* AppDataControllerTests.swift */; };
		11B2E89470900D5DEA1D7BAC /* CoreDataMemoryStoreTests.swift in Sources */ = {isa = PBXBuildFile; fileRef = 14A549AC5C802B87B3E2F4F7 /* CoreDataMemoryStoreTests.swift */; };
		135D99D273777D3420083E87 /* CoreDataMemoryStore.swift in Sources */ = {isa = PBXBuildFile; fileRef = 22148C574EC153CD30D8E876 /* CoreDataMemoryStore.swift */; };
		17F311650DEBB0F7621F968A /* PinyinTransliterator.swift in Sources */ = {isa = PBXBuildFile; fileRef = E86CD1C4073069E019639A99 /* PinyinTransliterator.swift */; };
		1CC84765351E1A9CE13617BA /* SearchView.swift in Sources */ = {isa = PBXBuildFile; fileRef = 0810899951479D6FBD559709 /* SearchView.swift */; };
		1D272F40CF2071079A053F15 /* DebugRawAPIResponseRecorder.swift in Sources */ = {isa = PBXBuildFile; fileRef = 61D9D238385B21460CDAA2BE /* DebugRawAPIResponseRecorder.swift */; };
		1D6B8A92C3FDC97C4A422064 /* TranslationHistoryStore.swift in Sources */ = {isa = PBXBuildFile; fileRef = 721B9483061EDEEB9D4C52BD /* TranslationHistoryStore.swift */; };
		2410A73DB9FC0D3870C49871 /* SettingsImportExportController.swift in Sources */ = {isa = PBXBuildFile; fileRef = F80A880CF735DFDBCBD4F181 /* SettingsImportExportController.swift */; };
		261538CC6268D556FF32E9AA /* TranslationView.swift in Sources */ = {isa = PBXBuildFile; fileRef = 372CB65BBB01171BE108F83E /* TranslationView.swift */; };
		266ACE20C07FC4780D9E87C6 /* TranslationHistoryStoreTests.swift in Sources */ = {isa = PBXBuildFile; fileRef = 0AE85772F6048138E153C124 /* TranslationHistoryStoreTests.swift */; };
		2820F677E928FD959E601CC4 /* DeepSeekTranslationResponseTests.swift in Sources */ = {isa = PBXBuildFile; fileRef = 33D082A030BD30DDD1F94CED /* DeepSeekTranslationResponseTests.swift */; };
		2BB75C7F3580296B3F664533 /* PrivacyInfo.xcprivacy in Resources */ = {isa = PBXBuildFile; fileRef = BE9E0982950392A61A156324 /* PrivacyInfo.xcprivacy */; };
		3417254A726A1308C0B0DD66 /* WordSceneApp.swift in Sources */ = {isa = PBXBuildFile; fileRef = F292BDE0D2E1D12937D9B660 /* WordSceneApp.swift */; };
		3592CEE5F9506FF06612E915 /* RootView.swift in Sources */ = {isa = PBXBuildFile; fileRef = 96BAF2CB4697677551219CBB /* RootView.swift */; };
		3816E6F7FCC71CC7F37D29ED /* WordSceneLogo-v2.png in Resources */ = {isa = PBXBuildFile; fileRef = 5B2DC5A718FE010D5BC2EFFF /* WordSceneLogo-v2.png */; };
		39C00451F4E5C6C7CB6C1CCF /* MemoryImportExportService.swift in Sources */ = {isa = PBXBuildFile; fileRef = FEE156408D1FB064F3583F8A /* MemoryImportExportService.swift */; };
		3B8CE754475ECBFAFF85413B /* LanguageDirectionTests.swift in Sources */ = {isa = PBXBuildFile; fileRef = 9620FC5598FBD6CA7CB9106B /* LanguageDirectionTests.swift */; };
		3C1DEF743818571127CE27FB /* MemoryImportExportService.swift in Sources */ = {isa = PBXBuildFile; fileRef = FEE156408D1FB064F3583F8A /* MemoryImportExportService.swift */; };
		3FB40CF1FAF4F3EB852ABBD7 /* LocalPersistenceRecoveryController.swift in Sources */ = {isa = PBXBuildFile; fileRef = 2D33B19133D47E17DF6859DA /* LocalPersistenceRecoveryController.swift */; };
		40D429323A1B11DBAE9BFE66 /* TranslationHistoryStoreTests.swift in Sources */ = {isa = PBXBuildFile; fileRef = 0AE85772F6048138E153C124 /* TranslationHistoryStoreTests.swift */; };
		42A19CF24E3C4333EE756EE6 /* MemoryLibraryRepositoryTests.swift in Sources */ = {isa = PBXBuildFile; fileRef = C040CEEF155F11CC214D80B6 /* MemoryLibraryRepositoryTests.swift */; };
		43AB84FD291E44A04B68B638 /* MemoryImportExportServiceTests.swift in Sources */ = {isa = PBXBuildFile; fileRef = 71840717FD8FF143BAE51E49 /* MemoryImportExportServiceTests.swift */; };
		449D3DC4979DF1C9B78B3A56 /* AppLocalizationTests.swift in Sources */ = {isa = PBXBuildFile; fileRef = 5885FF66CE79D54FE26076E7 /* AppLocalizationTests.swift */; };
		45C320DAFD453EB3027BE263 /* MemoryLibraryStore.swift in Sources */ = {isa = PBXBuildFile; fileRef = C35642BEE32B879ABC655A25 /* MemoryLibraryStore.swift */; };
		46CCF4A9897F51A4CD0E21EA /* DeepSeekTranslationClient.swift in Sources */ = {isa = PBXBuildFile; fileRef = 9C12FD3785C7C960302258E6 /* DeepSeekTranslationClient.swift */; };
		476694B4B3CE19D8A409F518 /* KeychainCredentialStore.swift in Sources */ = {isa = PBXBuildFile; fileRef = 65F9A00F99984FA6130BBBB3 /* KeychainCredentialStore.swift */; };
		47E69F27C72A015EC91AEAA1 /* AppBuildInfo.swift in Sources */ = {isa = PBXBuildFile; fileRef = 74C8385412454C45DC5ECE5B /* AppBuildInfo.swift */; };
		4B092C560E36716FA36BB078 /* MemoryLibraryRepository.swift in Sources */ = {isa = PBXBuildFile; fileRef = A0F120F9F3E9AD8D8E1592F0 /* MemoryLibraryRepository.swift */; };
		4EF9E0FF93BCAA01045EE0F8 /* WordSceneApp.swift in Sources */ = {isa = PBXBuildFile; fileRef = F292BDE0D2E1D12937D9B660 /* WordSceneApp.swift */; };
		4F46BEAA4AB8DC57D8EB9575 /* TranslationLanguageDirection.swift in Sources */ = {isa = PBXBuildFile; fileRef = 4F5A9209CA61F4DFC45C9142 /* TranslationLanguageDirection.swift */; };
		4F9F3DF50F9EC0FAC283925F /* DebugRawAPIResponseRecorder.swift in Sources */ = {isa = PBXBuildFile; fileRef = 61D9D238385B21460CDAA2BE /* DebugRawAPIResponseRecorder.swift */; };
		51A7D2152AAEDC76A7575CA1 /* MemoryLibraryStoreTests.swift in Sources */ = {isa = PBXBuildFile; fileRef = 3DD8C4290705F81BA86674BC /* MemoryLibraryStoreTests.swift */; };
		54AA5AEAA990601A284040CA /* DeepSeekCredential.swift in Sources */ = {isa = PBXBuildFile; fileRef = 2B861A782D48915285586521 /* DeepSeekCredential.swift */; };
		5AA52AD95D961059839402F1 /* TranslationHistoryRepository.swift in Sources */ = {isa = PBXBuildFile; fileRef = 4D4A7FB7FCC5F7BD59669735 /* TranslationHistoryRepository.swift */; };
		5B7C76985F8F39C9C3F15CB0 /* Localizable.xcstrings in Resources */ = {isa = PBXBuildFile; fileRef = 4D4552B02C4C7DE95FE27546 /* Localizable.xcstrings */; };
		5C49BD02C7FBE77B1F092DD2 /* DeepSeekCredential.swift in Sources */ = {isa = PBXBuildFile; fileRef = 2B861A782D48915285586521 /* DeepSeekCredential.swift */; };
		5CDE955C2035798FB02E1F34 /* AppSection.swift in Sources */ = {isa = PBXBuildFile; fileRef = C3B8777AC3DD498942C3FA17 /* AppSection.swift */; };
		5EEC62C69EB60B2B59C05667 /* LanguageSelection.swift in Sources */ = {isa = PBXBuildFile; fileRef = 45ED2EB20F79032F10EF2C34 /* LanguageSelection.swift */; };
		5F1E865DDB719AF0D63F4343 /* RootView.swift in Sources */ = {isa = PBXBuildFile; fileRef = 96BAF2CB4697677551219CBB /* RootView.swift */; };
		601E8031A2DC6926A6F56777 /* InfoPlist.strings in Resources */ = {isa = PBXBuildFile; fileRef = DE67FC610560C08B600F953A /* InfoPlist.strings */; };
		6240C1716D03756546DA1020 /* SettingsImportExportControllerTests.swift in Sources */ = {isa = PBXBuildFile; fileRef = A326C54DE9B73BA7405FCB32 /* SettingsImportExportControllerTests.swift */; };
		658402080E63EA0C380C2A7F /* MemoryLibraryRepositoryTests.swift in Sources */ = {isa = PBXBuildFile; fileRef = C040CEEF155F11CC214D80B6 /* MemoryLibraryRepositoryTests.swift */; };
		6FD85F1B603FFBCABE71A6B9 /* Localizable.xcstrings in Resources */ = {isa = PBXBuildFile; fileRef = 4D4552B02C4C7DE95FE27546 /* Localizable.xcstrings */; };
		78A03AF21F3FA00B9E737465 /* MemorySearchIndexTests.swift in Sources */ = {isa = PBXBuildFile; fileRef = 87D5E2AC8B21A0D0EA3D57FE /* MemorySearchIndexTests.swift */; };
		7923D8806E42E96FBC91A61F /* InfoPlist.strings in Resources */ = {isa = PBXBuildFile; fileRef = DE67FC610560C08B600F953A /* InfoPlist.strings */; };
		7AB1A9BC5FAC51F0C6A22E06 /* MemoryLibraryStoreTests.swift in Sources */ = {isa = PBXBuildFile; fileRef = 3DD8C4290705F81BA86674BC /* MemoryLibraryStoreTests.swift */; };
		7AEBF304A5DF92C4DC087CF7 /* AdaptiveLayout.swift in Sources */ = {isa = PBXBuildFile; fileRef = 1E14F2772CC2912044804B8C /* AdaptiveLayout.swift */; };
		7FFE125CA283C5951E815B72 /* LocalPersistenceRecoveryControllerTests.swift in Sources */ = {isa = PBXBuildFile; fileRef = 3F61FD2185A224582098C586 /* LocalPersistenceRecoveryControllerTests.swift */; };
		8278CBA84B1B4B24B0D6980D /* WordSceneAppIcon-previous-20260531.png in Resources */ = {isa = PBXBuildFile; fileRef = 23BB63E93A04781665D632E2 /* WordSceneAppIcon-previous-20260531.png */; };
		832EEB97AC7EE88AB5CD7247 /* LocalPersistenceStoreError.swift in Sources */ = {isa = PBXBuildFile; fileRef = 52C5C4DB518A431CA892CA02 /* LocalPersistenceStoreError.swift */; };
		882949E983224EB9D2AF5600 /* WordSceneLogo.png in Resources */ = {isa = PBXBuildFile; fileRef = E9C3CD2F958C050EB19CA357 /* WordSceneLogo.png */; };
		91566169B9D98817B5F67F57 /* SearchView.swift in Sources */ = {isa = PBXBuildFile; fileRef = 0810899951479D6FBD559709 /* SearchView.swift */; };
		919982FFBFBCDFAB048AB6CB /* MemorySearchIndex.swift in Sources */ = {isa = PBXBuildFile; fileRef = 69FBC42076CDC44F3F5BD3F6 /* MemorySearchIndex.swift */; };
		92D0C51F92C3D103A797888E /* LanguageSelection.swift in Sources */ = {isa = PBXBuildFile; fileRef = 45ED2EB20F79032F10EF2C34 /* LanguageSelection.swift */; };
		93586842A3D1F2890284039B /* TranslationWorkflow.swift in Sources */ = {isa = PBXBuildFile; fileRef = F84790B07076C5D4FBF3B735 /* TranslationWorkflow.swift */; };
		94A3C66F428D89952D709864 /* MemoryItem.swift in Sources */ = {isa = PBXBuildFile; fileRef = 685B7AD82D463A45F145A2B4 /* MemoryItem.swift */; };
		96456CE04F829F9F661C839E /* AdaptiveLayout.swift in Sources */ = {isa = PBXBuildFile; fileRef = 1E14F2772CC2912044804B8C /* AdaptiveLayout.swift */; };
		99789BE74D4F9380AE1099C6 /* PinyinTransliteratorTests.swift in Sources */ = {isa = PBXBuildFile; fileRef = 359F37B0DAF58C519EBB15FB /* PinyinTransliteratorTests.swift */; };
		9D8C15C3A824CE20FBC6D246 /* MemoryItemCodingTests.swift in Sources */ = {isa = PBXBuildFile; fileRef = 6E6E568C7D086F4FEED01E80 /* MemoryItemCodingTests.swift */; };
		9F26440D8AF5ACF3CDC08D1C /* WordSceneLogo.png in Resources */ = {isa = PBXBuildFile; fileRef = E9C3CD2F958C050EB19CA357 /* WordSceneLogo.png */; };
		A0034B44AA4CA6ED09ABFE1C /* WordSceneAppIcon-previous-20260531.png in Resources */ = {isa = PBXBuildFile; fileRef = 23BB63E93A04781665D632E2 /* WordSceneAppIcon-previous-20260531.png */; };
		A1FF6F8390ABACCCFC42D618 /* MemoryLibraryRepository.swift in Sources */ = {isa = PBXBuildFile; fileRef = A0F120F9F3E9AD8D8E1592F0 /* MemoryLibraryRepository.swift */; };
		A3763EB90C333BAE13DD6151 /* MemoryImportExportServiceTests.swift in Sources */ = {isa = PBXBuildFile; fileRef = 71840717FD8FF143BAE51E49 /* MemoryImportExportServiceTests.swift */; };
		A4A5D25B054C3C52CF254C35 /* TranslationHistoryRepositoryTests.swift in Sources */ = {isa = PBXBuildFile; fileRef = 8BDFCAD432A6ABC28AE84A32 /* TranslationHistoryRepositoryTests.swift */; };
		A52792C146BF20E923447A64 /* TranslationWorkflow.swift in Sources */ = {isa = PBXBuildFile; fileRef = F84790B07076C5D4FBF3B735 /* TranslationWorkflow.swift */; };
		A9460D82F6024D2375A935A2 /* DeepSeekBalanceClient.swift in Sources */ = {isa = PBXBuildFile; fileRef = 34F3D453013B5CDB55D10CE9 /* DeepSeekBalanceClient.swift */; };
		AC19431356023625286C7D0B /* TranslationRecord.swift in Sources */ = {isa = PBXBuildFile; fileRef = F6C63AA5983B0F3B41AC45B2 /* TranslationRecord.swift */; };
		AC65FFFB9A83544D8D9E2DA8 /* TranslationHistoryRepositoryTests.swift in Sources */ = {isa = PBXBuildFile; fileRef = 8BDFCAD432A6ABC28AE84A32 /* TranslationHistoryRepositoryTests.swift */; };
		B1617BC8C90214DE4CF412C6 /* DeepSeekBalanceClient.swift in Sources */ = {isa = PBXBuildFile; fileRef = 34F3D453013B5CDB55D10CE9 /* DeepSeekBalanceClient.swift */; };
		B496C9CBBEAC38EA4F3E8E33 /* TranslationRecord.swift in Sources */ = {isa = PBXBuildFile; fileRef = F6C63AA5983B0F3B41AC45B2 /* TranslationRecord.swift */; };
		B932D7127D7C1EF2DD043CD3 /* Assets.xcassets in Resources */ = {isa = PBXBuildFile; fileRef = 90DB37BC6A6D92D6B7DEF9BF /* Assets.xcassets */; };
		B96FA72ACC684B146879D2A3 /* TranslationView.swift in Sources */ = {isa = PBXBuildFile; fileRef = 372CB65BBB01171BE108F83E /* TranslationView.swift */; };
		BC504BA40DF313394019842F /* PrivacyInfo.xcprivacy in Resources */ = {isa = PBXBuildFile; fileRef = BE9E0982950392A61A156324 /* PrivacyInfo.xcprivacy */; };
		BDFAED11B6771D1197923B93 /* AppDataController.swift in Sources */ = {isa = PBXBuildFile; fileRef = DC00EA37578F51C218C5DBC3 /* AppDataController.swift */; };
		BF1F72105F4C4F55A66462C6 /* MemoryItemCodingTests.swift in Sources */ = {isa = PBXBuildFile; fileRef = 6E6E568C7D086F4FEED01E80 /* MemoryItemCodingTests.swift */; };
		C5C7FD729E47B60912B70165 /* AppBuildInfoTests.swift in Sources */ = {isa = PBXBuildFile; fileRef = 69311892584D2F886271DE06 /* AppBuildInfoTests.swift */; };
		C65D6718A9324DEC7B39CDDA /* LocalPersistenceRecoveryControllerTests.swift in Sources */ = {isa = PBXBuildFile; fileRef = 3F61FD2185A224582098C586 /* LocalPersistenceRecoveryControllerTests.swift */; };
		C765D91811294F1FF8736585 /* CoreDataMemoryStoreTests.swift in Sources */ = {isa = PBXBuildFile; fileRef = 14A549AC5C802B87B3E2F4F7 /* CoreDataMemoryStoreTests.swift */; };
		CD66F6383CF9B9FEF278BC0E /* DeepSeekBalanceResponseTests.swift in Sources */ = {isa = PBXBuildFile; fileRef = D292D4CF8CBF1E54EC0932D9 /* DeepSeekBalanceResponseTests.swift */; };
		CEF28723147A8B231DAB70FB /* AppBuildInfoTests.swift in Sources */ = {isa = PBXBuildFile; fileRef = 69311892584D2F886271DE06 /* AppBuildInfoTests.swift */; };
		CF7EB547CD1BC2DBBDFE2522 /* SettingsView.swift in Sources */ = {isa = PBXBuildFile; fileRef = 930A284E1EE951193AB252A3 /* SettingsView.swift */; };
		D0E565B8A4A90D20321F8764 /* WordSceneLaunchUITests.swift in Sources */ = {isa = PBXBuildFile; fileRef = F408F501A6A95AD07E0B0863 /* WordSceneLaunchUITests.swift */; };
		D1F2AFD6AA8B965DAABB9995 /* LocalPersistenceStoreError.swift in Sources */ = {isa = PBXBuildFile; fileRef = 52C5C4DB518A431CA892CA02 /* LocalPersistenceStoreError.swift */; };
		D203F1C0B2BE8C8119E34532 /* SettingsErrorMessageFactoryTests.swift in Sources */ = {isa = PBXBuildFile; fileRef = B4E60684E1B6272D9745193A /* SettingsErrorMessageFactoryTests.swift */; };
		D245667910DAF40BCE19A0D5 /* MemorySearchIndex.swift in Sources */ = {isa = PBXBuildFile; fileRef = 69FBC42076CDC44F3F5BD3F6 /* MemorySearchIndex.swift */; };
		D8FEA8870625A4556E0A93CF /* TranslationLanguageDirection.swift in Sources */ = {isa = PBXBuildFile; fileRef = 4F5A9209CA61F4DFC45C9142 /* TranslationLanguageDirection.swift */; };
		DFAD3D76DEC11442F0EEC8C1 /* LocalPersistenceRecoveryController.swift in Sources */ = {isa = PBXBuildFile; fileRef = 2D33B19133D47E17DF6859DA /* LocalPersistenceRecoveryController.swift */; };
		E09554AFBB7DD4768B82DC15 /* AppSection.swift in Sources */ = {isa = PBXBuildFile; fileRef = C3B8777AC3DD498942C3FA17 /* AppSection.swift */; };
		E4CDA15012A3AC0294D6052F /* AppLocalizationTests.swift in Sources */ = {isa = PBXBuildFile; fileRef = 5885FF66CE79D54FE26076E7 /* AppLocalizationTests.swift */; };
		E52F57F2A8F6D00761F689F6 /* AppDataController.swift in Sources */ = {isa = PBXBuildFile; fileRef = DC00EA37578F51C218C5DBC3 /* AppDataController.swift */; };
		E5B7353A38053A7132DC2B4E /* SettingsImportExportController.swift in Sources */ = {isa = PBXBuildFile; fileRef = F80A880CF735DFDBCBD4F181 /* SettingsImportExportController.swift */; };
		E5E0E767AB87050F9F6D44CF /* KeychainCredentialStore.swift in Sources */ = {isa = PBXBuildFile; fileRef = 65F9A00F99984FA6130BBBB3 /* KeychainCredentialStore.swift */; };
		E76DDD0A8FFBDF3F10687C15 /* WordSceneLogo-v2.png in Resources */ = {isa = PBXBuildFile; fileRef = 5B2DC5A718FE010D5BC2EFFF /* WordSceneLogo-v2.png */; };
		E8387D3BEC5985278E5A4367 /* AppDataControllerTests.swift in Sources */ = {isa = PBXBuildFile; fileRef = 34E1AB2FCE2706C58FFA814B /* AppDataControllerTests.swift */; };
		EBB18BFE15879357DE3B3855 /* TranslationWorkflowTests.swift in Sources */ = {isa = PBXBuildFile; fileRef = 8810F2E5879F440CE84CCB89 /* TranslationWorkflowTests.swift */; };
		EBB64F51EEB42F7B3A935EA3 /* TranslationWorkflowTests.swift in Sources */ = {isa = PBXBuildFile; fileRef = 8810F2E5879F440CE84CCB89 /* TranslationWorkflowTests.swift */; };
		EF9C91796A1D3361577B3BD1 /* MemorySearchIndexTests.swift in Sources */ = {isa = PBXBuildFile; fileRef = 87D5E2AC8B21A0D0EA3D57FE /* MemorySearchIndexTests.swift */; };
		EFA165CBE0D22CEC640FB392 /* CloudKitSchemaInitializationTests.swift in Sources */ = {isa = PBXBuildFile; fileRef = 264C36452F781611F35592EE /* CloudKitSchemaInitializationTests.swift */; };
		F294FCD453CF07E7643B19C8 /* PinyinTransliteratorTests.swift in Sources */ = {isa = PBXBuildFile; fileRef = 359F37B0DAF58C519EBB15FB /* PinyinTransliteratorTests.swift */; };
		F48575D457E1FA25FEF9C74E /* CloudKitSchemaInitializationTests.swift in Sources */ = {isa = PBXBuildFile; fileRef = 264C36452F781611F35592EE /* CloudKitSchemaInitializationTests.swift */; };
		F7673D2CAD402679A62E7E8E /* AppBuildInfo.swift in Sources */ = {isa = PBXBuildFile; fileRef = 74C8385412454C45DC5ECE5B /* AppBuildInfo.swift */; };
		F7A5C8B44172D6B4E104ED37 /* MemoryLibraryStore.swift in Sources */ = {isa = PBXBuildFile; fileRef = C35642BEE32B879ABC655A25 /* MemoryLibraryStore.swift */; };
		F8D301CB66598C87B2FE6BE4 /* LibraryView.swift in Sources */ = {isa = PBXBuildFile; fileRef = 44533584DC00160FE0C4B52A /* LibraryView.swift */; };
		F97F4B8D24BEEB2F3A3F5E34 /* PinyinTransliterator.swift in Sources */ = {isa = PBXBuildFile; fileRef = E86CD1C4073069E019639A99 /* PinyinTransliterator.swift */; };
		FDD53739EF8AB0B95F367036 /* SettingsView.swift in Sources */ = {isa = PBXBuildFile; fileRef = 930A284E1EE951193AB252A3 /* SettingsView.swift */; };
/* End PBXBuildFile section */

/* Begin PBXContainerItemProxy section */
		43DACDF6921A1B653E554823 /* PBXContainerItemProxy */ = {
			isa = PBXContainerItemProxy;
			containerPortal = F17162CD6AFC5E736E4645C7 /* Project object */;
			proxyType = 1;
			remoteGlobalIDString = 402B83A2920371E562FD6730;
			remoteInfo = WordScene;
		};
		B35ED524E04BAD98301CA230 /* PBXContainerItemProxy */ = {
			isa = PBXContainerItemProxy;
			containerPortal = F17162CD6AFC5E736E4645C7 /* Project object */;
			proxyType = 1;
			remoteGlobalIDString = 402B83A2920371E562FD6730;
			remoteInfo = WordScene;
		};
		C79621CCDEB15C9D839F78E4 /* PBXContainerItemProxy */ = {
			isa = PBXContainerItemProxy;
			containerPortal = F17162CD6AFC5E736E4645C7 /* Project object */;
			proxyType = 1;
			remoteGlobalIDString = 5014EC536FD1F8A94C35187B;
			remoteInfo = WordSceneMac;
		};
/* End PBXContainerItemProxy section */

/* Begin PBXFileReference section */
		0810899951479D6FBD559709 /* SearchView.swift */ = {isa = PBXFileReference; lastKnownFileType = sourcecode.swift; path = SearchView.swift; sourceTree = "<group>"; };
		0AE85772F6048138E153C124 /* TranslationHistoryStoreTests.swift */ = {isa = PBXFileReference; lastKnownFileType = sourcecode.swift; path = TranslationHistoryStoreTests.swift; sourceTree = "<group>"; };
		14A549AC5C802B87B3E2F4F7 /* CoreDataMemoryStoreTests.swift */ = {isa = PBXFileReference; lastKnownFileType = sourcecode.swift; path = CoreDataMemoryStoreTests.swift; sourceTree = "<group>"; };
		1B8242AC1FDB1CDF361985E3 /* Word Scene.app */ = {isa = PBXFileReference; explicitFileType = wrapper.application; includeInIndex = 0; path = "Word Scene.app"; sourceTree = BUILT_PRODUCTS_DIR; };
		1E14F2772CC2912044804B8C /* AdaptiveLayout.swift */ = {isa = PBXFileReference; lastKnownFileType = sourcecode.swift; path = AdaptiveLayout.swift; sourceTree = "<group>"; };
		22148C574EC153CD30D8E876 /* CoreDataMemoryStore.swift */ = {isa = PBXFileReference; lastKnownFileType = sourcecode.swift; path = CoreDataMemoryStore.swift; sourceTree = "<group>"; };
		23BB63E93A04781665D632E2 /* WordSceneAppIcon-previous-20260531.png */ = {isa = PBXFileReference; lastKnownFileType = image.png; path = "WordSceneAppIcon-previous-20260531.png"; sourceTree = "<group>"; };
		264C36452F781611F35592EE /* CloudKitSchemaInitializationTests.swift */ = {isa = PBXFileReference; lastKnownFileType = sourcecode.swift; path = CloudKitSchemaInitializationTests.swift; sourceTree = "<group>"; };
		2B861A782D48915285586521 /* DeepSeekCredential.swift */ = {isa = PBXFileReference; lastKnownFileType = sourcecode.swift; path = DeepSeekCredential.swift; sourceTree = "<group>"; };
		2D33B19133D47E17DF6859DA /* LocalPersistenceRecoveryController.swift */ = {isa = PBXFileReference; lastKnownFileType = sourcecode.swift; path = LocalPersistenceRecoveryController.swift; sourceTree = "<group>"; };
		33D082A030BD30DDD1F94CED /* DeepSeekTranslationResponseTests.swift */ = {isa = PBXFileReference; lastKnownFileType = sourcecode.swift; path = DeepSeekTranslationResponseTests.swift; sourceTree = "<group>"; };
		34E1AB2FCE2706C58FFA814B /* AppDataControllerTests.swift */ = {isa = PBXFileReference; lastKnownFileType = sourcecode.swift; path = AppDataControllerTests.swift; sourceTree = "<group>"; };
		34F3D453013B5CDB55D10CE9 /* DeepSeekBalanceClient.swift */ = {isa = PBXFileReference; lastKnownFileType = sourcecode.swift; path = DeepSeekBalanceClient.swift; sourceTree = "<group>"; };
		359F37B0DAF58C519EBB15FB /* PinyinTransliteratorTests.swift */ = {isa = PBXFileReference; lastKnownFileType = sourcecode.swift; path = PinyinTransliteratorTests.swift; sourceTree = "<group>"; };
		372CB65BBB01171BE108F83E /* TranslationView.swift */ = {isa = PBXFileReference; lastKnownFileType = sourcecode.swift; path = TranslationView.swift; sourceTree = "<group>"; };
		3DD8C4290705F81BA86674BC /* MemoryLibraryStoreTests.swift */ = {isa = PBXFileReference; lastKnownFileType = sourcecode.swift; path = MemoryLibraryStoreTests.swift; sourceTree = "<group>"; };
		3F61FD2185A224582098C586 /* LocalPersistenceRecoveryControllerTests.swift */ = {isa = PBXFileReference; lastKnownFileType = sourcecode.swift; path = LocalPersistenceRecoveryControllerTests.swift; sourceTree = "<group>"; };
		44533584DC00160FE0C4B52A /* LibraryView.swift */ = {isa = PBXFileReference; lastKnownFileType = sourcecode.swift; path = LibraryView.swift; sourceTree = "<group>"; };
		45ED2EB20F79032F10EF2C34 /* LanguageSelection.swift */ = {isa = PBXFileReference; lastKnownFileType = sourcecode.swift; path = LanguageSelection.swift; sourceTree = "<group>"; };
		4D4552B02C4C7DE95FE27546 /* Localizable.xcstrings */ = {isa = PBXFileReference; lastKnownFileType = text.json.xcstrings; path = Localizable.xcstrings; sourceTree = "<group>"; };
		4D4A7FB7FCC5F7BD59669735 /* TranslationHistoryRepository.swift */ = {isa = PBXFileReference; lastKnownFileType = sourcecode.swift; path = TranslationHistoryRepository.swift; sourceTree = "<group>"; };
		4F5A9209CA61F4DFC45C9142 /* TranslationLanguageDirection.swift */ = {isa = PBXFileReference; lastKnownFileType = sourcecode.swift; path = TranslationLanguageDirection.swift; sourceTree = "<group>"; };
		52C5C4DB518A431CA892CA02 /* LocalPersistenceStoreError.swift */ = {isa = PBXFileReference; lastKnownFileType = sourcecode.swift; path = LocalPersistenceStoreError.swift; sourceTree = "<group>"; };
		5885FF66CE79D54FE26076E7 /* AppLocalizationTests.swift */ = {isa = PBXFileReference; lastKnownFileType = sourcecode.swift; path = AppLocalizationTests.swift; sourceTree = "<group>"; };
		5B2DC5A718FE010D5BC2EFFF /* WordSceneLogo-v2.png */ = {isa = PBXFileReference; lastKnownFileType = image.png; path = "WordSceneLogo-v2.png"; sourceTree = "<group>"; };
		61D9D238385B21460CDAA2BE /* DebugRawAPIResponseRecorder.swift */ = {isa = PBXFileReference; lastKnownFileType = sourcecode.swift; path = DebugRawAPIResponseRecorder.swift; sourceTree = "<group>"; };
		62E99C711EE951EFB367F4B5 /* WordSceneMacTests.xctest */ = {isa = PBXFileReference; explicitFileType = wrapper.cfbundle; includeInIndex = 0; path = WordSceneMacTests.xctest; sourceTree = BUILT_PRODUCTS_DIR; };
		65F9A00F99984FA6130BBBB3 /* KeychainCredentialStore.swift */ = {isa = PBXFileReference; lastKnownFileType = sourcecode.swift; path = KeychainCredentialStore.swift; sourceTree = "<group>"; };
		685B7AD82D463A45F145A2B4 /* MemoryItem.swift */ = {isa = PBXFileReference; lastKnownFileType = sourcecode.swift; path = MemoryItem.swift; sourceTree = "<group>"; };
		69311892584D2F886271DE06 /* AppBuildInfoTests.swift */ = {isa = PBXFileReference; lastKnownFileType = sourcecode.swift; path = AppBuildInfoTests.swift; sourceTree = "<group>"; };
		69FBC42076CDC44F3F5BD3F6 /* MemorySearchIndex.swift */ = {isa = PBXFileReference; lastKnownFileType = sourcecode.swift; path = MemorySearchIndex.swift; sourceTree = "<group>"; };
		6ACAC57C41469C43AE5D64A1 /* WordSceneUITests.xctest */ = {isa = PBXFileReference; includeInIndex = 0; lastKnownFileType = wrapper.cfbundle; path = WordSceneUITests.xctest; sourceTree = BUILT_PRODUCTS_DIR; };
		6E6E568C7D086F4FEED01E80 /* MemoryItemCodingTests.swift */ = {isa = PBXFileReference; lastKnownFileType = sourcecode.swift; path = MemoryItemCodingTests.swift; sourceTree = "<group>"; };
		71840717FD8FF143BAE51E49 /* MemoryImportExportServiceTests.swift */ = {isa = PBXFileReference; lastKnownFileType = sourcecode.swift; path = MemoryImportExportServiceTests.swift; sourceTree = "<group>"; };
		721B9483061EDEEB9D4C52BD /* TranslationHistoryStore.swift */ = {isa = PBXFileReference; lastKnownFileType = sourcecode.swift; path = TranslationHistoryStore.swift; sourceTree = "<group>"; };
		74C8385412454C45DC5ECE5B /* AppBuildInfo.swift */ = {isa = PBXFileReference; lastKnownFileType = sourcecode.swift; path = AppBuildInfo.swift; sourceTree = "<group>"; };
		7E1C69A659E9CCA80A97DDED /* Word Scene.app */ = {isa = PBXFileReference; explicitFileType = wrapper.application; includeInIndex = 0; path = "Word Scene.app"; sourceTree = BUILT_PRODUCTS_DIR; };
		87D5E2AC8B21A0D0EA3D57FE /* MemorySearchIndexTests.swift */ = {isa = PBXFileReference; lastKnownFileType = sourcecode.swift; path = MemorySearchIndexTests.swift; sourceTree = "<group>"; };
		8810F2E5879F440CE84CCB89 /* TranslationWorkflowTests.swift */ = {isa = PBXFileReference; lastKnownFileType = sourcecode.swift; path = TranslationWorkflowTests.swift; sourceTree = "<group>"; };
		8BDFCAD432A6ABC28AE84A32 /* TranslationHistoryRepositoryTests.swift */ = {isa = PBXFileReference; lastKnownFileType = sourcecode.swift; path = TranslationHistoryRepositoryTests.swift; sourceTree = "<group>"; };
		90DB37BC6A6D92D6B7DEF9BF /* Assets.xcassets */ = {isa = PBXFileReference; lastKnownFileType = folder.assetcatalog; path = Assets.xcassets; sourceTree = "<group>"; };
		930A284E1EE951193AB252A3 /* SettingsView.swift */ = {isa = PBXFileReference; lastKnownFileType = sourcecode.swift; path = SettingsView.swift; sourceTree = "<group>"; };
		9620FC5598FBD6CA7CB9106B /* LanguageDirectionTests.swift */ = {isa = PBXFileReference; lastKnownFileType = sourcecode.swift; path = LanguageDirectionTests.swift; sourceTree = "<group>"; };
		96BAF2CB4697677551219CBB /* RootView.swift */ = {isa = PBXFileReference; lastKnownFileType = sourcecode.swift; path = RootView.swift; sourceTree = "<group>"; };
		9C12FD3785C7C960302258E6 /* DeepSeekTranslationClient.swift */ = {isa = PBXFileReference; lastKnownFileType = sourcecode.swift; path = DeepSeekTranslationClient.swift; sourceTree = "<group>"; };
		9FB6E05D994332391A0906EE /* zh-Hans */ = {isa = PBXFileReference; lastKnownFileType = text.plist.strings; name = "zh-Hans"; path = "zh-Hans.lproj/InfoPlist.strings"; sourceTree = "<group>"; };
		A0F120F9F3E9AD8D8E1592F0 /* MemoryLibraryRepository.swift */ = {isa = PBXFileReference; lastKnownFileType = sourcecode.swift; path = MemoryLibraryRepository.swift; sourceTree = "<group>"; };
		A326C54DE9B73BA7405FCB32 /* SettingsImportExportControllerTests.swift */ = {isa = PBXFileReference; lastKnownFileType = sourcecode.swift; path = SettingsImportExportControllerTests.swift; sourceTree = "<group>"; };
		B0C4B50893C096889DF9D09D /* en */ = {isa = PBXFileReference; lastKnownFileType = text.plist.strings; name = en; path = en.lproj/InfoPlist.strings; sourceTree = "<group>"; };
		B4E60684E1B6272D9745193A /* SettingsErrorMessageFactoryTests.swift */ = {isa = PBXFileReference; lastKnownFileType = sourcecode.swift; path = SettingsErrorMessageFactoryTests.swift; sourceTree = "<group>"; };
		BE9E0982950392A61A156324 /* PrivacyInfo.xcprivacy */ = {isa = PBXFileReference; lastKnownFileType = text.xml; path = PrivacyInfo.xcprivacy; sourceTree = "<group>"; };
		C040CEEF155F11CC214D80B6 /* MemoryLibraryRepositoryTests.swift */ = {isa = PBXFileReference; lastKnownFileType = sourcecode.swift; path = MemoryLibraryRepositoryTests.swift; sourceTree = "<group>"; };
		C35642BEE32B879ABC655A25 /* MemoryLibraryStore.swift */ = {isa = PBXFileReference; lastKnownFileType = sourcecode.swift; path = MemoryLibraryStore.swift; sourceTree = "<group>"; };
		C3B8777AC3DD498942C3FA17 /* AppSection.swift */ = {isa = PBXFileReference; lastKnownFileType = sourcecode.swift; path = AppSection.swift; sourceTree = "<group>"; };
		CA6D846071672B7E3755118C /* WordSceneTests.xctest */ = {isa = PBXFileReference; includeInIndex = 0; lastKnownFileType = wrapper.cfbundle; path = WordSceneTests.xctest; sourceTree = BUILT_PRODUCTS_DIR; };
		D292D4CF8CBF1E54EC0932D9 /* DeepSeekBalanceResponseTests.swift */ = {isa = PBXFileReference; lastKnownFileType = sourcecode.swift; path = DeepSeekBalanceResponseTests.swift; sourceTree = "<group>"; };
		D7AFFA06A08B69A49579A2C8 /* es */ = {isa = PBXFileReference; lastKnownFileType = text.plist.strings; name = es; path = es.lproj/InfoPlist.strings; sourceTree = "<group>"; };
		DC00EA37578F51C218C5DBC3 /* AppDataController.swift */ = {isa = PBXFileReference; lastKnownFileType = sourcecode.swift; path = AppDataController.swift; sourceTree = "<group>"; };
		E86CD1C4073069E019639A99 /* PinyinTransliterator.swift */ = {isa = PBXFileReference; lastKnownFileType = sourcecode.swift; path = PinyinTransliterator.swift; sourceTree = "<group>"; };
		E9C3CD2F958C050EB19CA357 /* WordSceneLogo.png */ = {isa = PBXFileReference; lastKnownFileType = image.png; path = WordSceneLogo.png; sourceTree = "<group>"; };
		F292BDE0D2E1D12937D9B660 /* WordSceneApp.swift */ = {isa = PBXFileReference; lastKnownFileType = sourcecode.swift; path = WordSceneApp.swift; sourceTree = "<group>"; };
		F408F501A6A95AD07E0B0863 /* WordSceneLaunchUITests.swift */ = {isa = PBXFileReference; lastKnownFileType = sourcecode.swift; path = WordSceneLaunchUITests.swift; sourceTree = "<group>"; };
		F6C63AA5983B0F3B41AC45B2 /* TranslationRecord.swift */ = {isa = PBXFileReference; lastKnownFileType = sourcecode.swift; path = TranslationRecord.swift; sourceTree = "<group>"; };
		F80A880CF735DFDBCBD4F181 /* SettingsImportExportController.swift */ = {isa = PBXFileReference; lastKnownFileType = sourcecode.swift; path = SettingsImportExportController.swift; sourceTree = "<group>"; };
		F84790B07076C5D4FBF3B735 /* TranslationWorkflow.swift */ = {isa = PBXFileReference; lastKnownFileType = sourcecode.swift; path = TranslationWorkflow.swift; sourceTree = "<group>"; };
		FEE156408D1FB064F3583F8A /* MemoryImportExportService.swift */ = {isa = PBXFileReference; lastKnownFileType = sourcecode.swift; path = MemoryImportExportService.swift; sourceTree = "<group>"; };
/* End PBXFileReference section */

/* Begin PBXGroup section */
		0F314AF1F84938579F60E246 /* Resources */ = {
			isa = PBXGroup;
			children = (
				90DB37BC6A6D92D6B7DEF9BF /* Assets.xcassets */,
				4D4552B02C4C7DE95FE27546 /* Localizable.xcstrings */,
				BE9E0982950392A61A156324 /* PrivacyInfo.xcprivacy */,
				AE08FE29942FCE024F26EBBA /* Brand */,
				DE67FC610560C08B600F953A /* InfoPlist.strings */,
			);
			name = Resources;
			path = WordScene/Resources;
			sourceTree = "<group>";
		};
		202AA4332A717340E61C26AB = {
			isa = PBXGroup;
			children = (
				0F314AF1F84938579F60E246 /* Resources */,
				ABEA8707CECD4A1913B0C13E /* Shared */,
				F38DA02377D6CB95FD7B67CD /* Tests */,
				2451E9D66BF47C8A4F80EC71 /* UITests */,
				FDF283AE10D87F62171A9371 /* Products */,
			);
			sourceTree = "<group>";
		};
		2451E9D66BF47C8A4F80EC71 /* UITests */ = {
			isa = PBXGroup;
			children = (
				F408F501A6A95AD07E0B0863 /* WordSceneLaunchUITests.swift */,
			);
			name = UITests;
			path = WordScene/UITests;
			sourceTree = "<group>";
		};
		38438A787E7D9A8F13DE1AE1 /* Translate */ = {
			isa = PBXGroup;
			children = (
				372CB65BBB01171BE108F83E /* TranslationView.swift */,
				F84790B07076C5D4FBF3B735 /* TranslationWorkflow.swift */,
			);
			path = Translate;
			sourceTree = "<group>";
		};
		3DB7FABFA5AD8FB54123B4E4 /* Settings */ = {
			isa = PBXGroup;
			children = (
				F80A880CF735DFDBCBD4F181 /* SettingsImportExportController.swift */,
				930A284E1EE951193AB252A3 /* SettingsView.swift */,
			);
			path = Settings;
			sourceTree = "<group>";
		};
		452502AC159CFE0F7A6656A9 /* Archive */ = {
			isa = PBXGroup;
			children = (
				23BB63E93A04781665D632E2 /* WordSceneAppIcon-previous-20260531.png */,
			);
			path = Archive;
			sourceTree = "<group>";
		};
		47E9AE0DA9C67CC3E766FF29 /* Services */ = {
			isa = PBXGroup;
			children = (
				22148C574EC153CD30D8E876 /* CoreDataMemoryStore.swift */,
				61D9D238385B21460CDAA2BE /* DebugRawAPIResponseRecorder.swift */,
				34F3D453013B5CDB55D10CE9 /* DeepSeekBalanceClient.swift */,
				2B861A782D48915285586521 /* DeepSeekCredential.swift */,
				9C12FD3785C7C960302258E6 /* DeepSeekTranslationClient.swift */,
				65F9A00F99984FA6130BBBB3 /* KeychainCredentialStore.swift */,
				2D33B19133D47E17DF6859DA /* LocalPersistenceRecoveryController.swift */,
				52C5C4DB518A431CA892CA02 /* LocalPersistenceStoreError.swift */,
				FEE156408D1FB064F3583F8A /* MemoryImportExportService.swift */,
				A0F120F9F3E9AD8D8E1592F0 /* MemoryLibraryRepository.swift */,
				C35642BEE32B879ABC655A25 /* MemoryLibraryStore.swift */,
				69FBC42076CDC44F3F5BD3F6 /* MemorySearchIndex.swift */,
				E86CD1C4073069E019639A99 /* PinyinTransliterator.swift */,
				4D4A7FB7FCC5F7BD59669735 /* TranslationHistoryRepository.swift */,
				721B9483061EDEEB9D4C52BD /* TranslationHistoryStore.swift */,
			);
			path = Services;
			sourceTree = "<group>";
		};
		4F9E3D3E655DFB10E87C6FA2 /* App */ = {
			isa = PBXGroup;
			children = (
				1E14F2772CC2912044804B8C /* AdaptiveLayout.swift */,
				74C8385412454C45DC5ECE5B /* AppBuildInfo.swift */,
				DC00EA37578F51C218C5DBC3 /* AppDataController.swift */,
				C3B8777AC3DD498942C3FA17 /* AppSection.swift */,
				96BAF2CB4697677551219CBB /* RootView.swift */,
				F292BDE0D2E1D12937D9B660 /* WordSceneApp.swift */,
			);
			path = App;
			sourceTree = "<group>";
		};
		51AA04E88C00DC31DFBAEA13 /* Search */ = {
			isa = PBXGroup;
			children = (
				0810899951479D6FBD559709 /* SearchView.swift */,
			);
			path = Search;
			sourceTree = "<group>";
		};
		701F00E15364AF604E0974FE /* Library */ = {
			isa = PBXGroup;
			children = (
				44533584DC00160FE0C4B52A /* LibraryView.swift */,
			);
			path = Library;
			sourceTree = "<group>";
		};
		ABEA8707CECD4A1913B0C13E /* Shared */ = {
			isa = PBXGroup;
			children = (
				4F9E3D3E655DFB10E87C6FA2 /* App */,
				F975FE790F9FABF2A8B2CFAB /* Features */,
				DB39ABE393C6D19915753B14 /* Models */,
				47E9AE0DA9C67CC3E766FF29 /* Services */,
			);
			name = Shared;
			path = WordScene/Sources/Shared;
			sourceTree = "<group>";
		};
		AE08FE29942FCE024F26EBBA /* Brand */ = {
			isa = PBXGroup;
			children = (
				5B2DC5A718FE010D5BC2EFFF /* WordSceneLogo-v2.png */,
				E9C3CD2F958C050EB19CA357 /* WordSceneLogo.png */,
				452502AC159CFE0F7A6656A9 /* Archive */,
			);
			path = Brand;
			sourceTree = "<group>";
		};
		DB39ABE393C6D19915753B14 /* Models */ = {
			isa = PBXGroup;
			children = (
				45ED2EB20F79032F10EF2C34 /* LanguageSelection.swift */,
				685B7AD82D463A45F145A2B4 /* MemoryItem.swift */,
				4F5A9209CA61F4DFC45C9142 /* TranslationLanguageDirection.swift */,
				F6C63AA5983B0F3B41AC45B2 /* TranslationRecord.swift */,
			);
			path = Models;
			sourceTree = "<group>";
		};
		F38DA02377D6CB95FD7B67CD /* Tests */ = {
			isa = PBXGroup;
			children = (
				69311892584D2F886271DE06 /* AppBuildInfoTests.swift */,
				34E1AB2FCE2706C58FFA814B /* AppDataControllerTests.swift */,
				5885FF66CE79D54FE26076E7 /* AppLocalizationTests.swift */,
				264C36452F781611F35592EE /* CloudKitSchemaInitializationTests.swift */,
				14A549AC5C802B87B3E2F4F7 /* CoreDataMemoryStoreTests.swift */,
				D292D4CF8CBF1E54EC0932D9 /* DeepSeekBalanceResponseTests.swift */,
				33D082A030BD30DDD1F94CED /* DeepSeekTranslationResponseTests.swift */,
				9620FC5598FBD6CA7CB9106B /* LanguageDirectionTests.swift */,
				3F61FD2185A224582098C586 /* LocalPersistenceRecoveryControllerTests.swift */,
				71840717FD8FF143BAE51E49 /* MemoryImportExportServiceTests.swift */,
				6E6E568C7D086F4FEED01E80 /* MemoryItemCodingTests.swift */,
				C040CEEF155F11CC214D80B6 /* MemoryLibraryRepositoryTests.swift */,
				3DD8C4290705F81BA86674BC /* MemoryLibraryStoreTests.swift */,
				87D5E2AC8B21A0D0EA3D57FE /* MemorySearchIndexTests.swift */,
				359F37B0DAF58C519EBB15FB /* PinyinTransliteratorTests.swift */,
				B4E60684E1B6272D9745193A /* SettingsErrorMessageFactoryTests.swift */,
				A326C54DE9B73BA7405FCB32 /* SettingsImportExportControllerTests.swift */,
				8BDFCAD432A6ABC28AE84A32 /* TranslationHistoryRepositoryTests.swift */,
				0AE85772F6048138E153C124 /* TranslationHistoryStoreTests.swift */,
				8810F2E5879F440CE84CCB89 /* TranslationWorkflowTests.swift */,
			);
			name = Tests;
			path = WordScene/Tests;
			sourceTree = "<group>";
		};
		F975FE790F9FABF2A8B2CFAB /* Features */ = {
			isa = PBXGroup;
			children = (
				701F00E15364AF604E0974FE /* Library */,
				51AA04E88C00DC31DFBAEA13 /* Search */,
				3DB7FABFA5AD8FB54123B4E4 /* Settings */,
				38438A787E7D9A8F13DE1AE1 /* Translate */,
			);
			path = Features;
			sourceTree = "<group>";
		};
		FDF283AE10D87F62171A9371 /* Products */ = {
			isa = PBXGroup;
			children = (
				7E1C69A659E9CCA80A97DDED /* Word Scene.app */,
				1B8242AC1FDB1CDF361985E3 /* Word Scene.app */,
				62E99C711EE951EFB367F4B5 /* WordSceneMacTests.xctest */,
				CA6D846071672B7E3755118C /* WordSceneTests.xctest */,
				6ACAC57C41469C43AE5D64A1 /* WordSceneUITests.xctest */,
			);
			name = Products;
			sourceTree = "<group>";
		};
/* End PBXGroup section */

/* Begin PBXNativeTarget section */
		402B83A2920371E562FD6730 /* WordScene */ = {
			isa = PBXNativeTarget;
			buildConfigurationList = D72030587C01075B1C4AE3BA /* Build configuration list for PBXNativeTarget "WordScene" */;
			buildPhases = (
				F1E82AF2F3339E7C6376ED70 /* Sources */,
				59943196C86BA96C8D25DED4 /* Resources */,
			);
			buildRules = (
			);
			dependencies = (
			);
			name = WordScene;
			packageProductDependencies = (
			);
			productName = WordScene;
			productReference = 7E1C69A659E9CCA80A97DDED /* Word Scene.app */;
			productType = "com.apple.product-type.application";
		};
		5014EC536FD1F8A94C35187B /* WordSceneMac */ = {
			isa = PBXNativeTarget;
			buildConfigurationList = A01D93AE3E84F89813EAA824 /* Build configuration list for PBXNativeTarget "WordSceneMac" */;
			buildPhases = (
				D235C0EB861FEE3E9FFFF6BE /* Sources */,
				FC822117C1C2534DB6FB8358 /* Resources */,
				047824433F73B151C8AA1429 /* Generate complete macOS AppIcon.icns */,
			);
			buildRules = (
			);
			dependencies = (
			);
			name = WordSceneMac;
			packageProductDependencies = (
			);
			productName = WordSceneMac;
			productReference = 1B8242AC1FDB1CDF361985E3 /* Word Scene.app */;
			productType = "com.apple.product-type.application";
		};
		59603EAB85B5516879D5F34B /* WordSceneUITests */ = {
			isa = PBXNativeTarget;
			buildConfigurationList = DB959ED262120A381ED761EA /* Build configuration list for PBXNativeTarget "WordSceneUITests" */;
			buildPhases = (
				A232128FF4FB6E53F76767EF /* Sources */,
			);
			buildRules = (
			);
			dependencies = (
				AAC12EBAD5BE6EB17086AB80 /* PBXTargetDependency */,
			);
			name = WordSceneUITests;
			packageProductDependencies = (
			);
			productName = WordSceneUITests;
			productReference = 6ACAC57C41469C43AE5D64A1 /* WordSceneUITests.xctest */;
			productType = "com.apple.product-type.bundle.ui-testing";
		};
		929851A09527BCD39753C696 /* WordSceneTests */ = {
			isa = PBXNativeTarget;
			buildConfigurationList = 41E3DADFAD1E20C65ADD435B /* Build configuration list for PBXNativeTarget "WordSceneTests" */;
			buildPhases = (
				27FCCA2B24ECF48C5235F7D6 /* Sources */,
			);
			buildRules = (
			);
			dependencies = (
				FE2F6D493D790CEC0309F2BB /* PBXTargetDependency */,
			);
			name = WordSceneTests;
			packageProductDependencies = (
			);
			productName = WordSceneTests;
			productReference = CA6D846071672B7E3755118C /* WordSceneTests.xctest */;
			productType = "com.apple.product-type.bundle.unit-test";
		};
		9440FE1B7D3D80400DD69B76 /* WordSceneMacTests */ = {
			isa = PBXNativeTarget;
			buildConfigurationList = B2B1C25CBD3624A99ECBD483 /* Build configuration list for PBXNativeTarget "WordSceneMacTests" */;
			buildPhases = (
				5E19350A5A60D553225350E4 /* Sources */,
			);
			buildRules = (
			);
			dependencies = (
				8F722A2B94D824FAC3390FC9 /* PBXTargetDependency */,
			);
			name = WordSceneMacTests;
			packageProductDependencies = (
			);
			productName = WordSceneMacTests;
			productReference = 62E99C711EE951EFB367F4B5 /* WordSceneMacTests.xctest */;
			productType = "com.apple.product-type.bundle.unit-test";
		};
/* End PBXNativeTarget section */

/* Begin PBXProject section */
		F17162CD6AFC5E736E4645C7 /* Project object */ = {
			isa = PBXProject;
			attributes = {
				BuildIndependentTargetsInParallel = YES;
				LastUpgradeCheck = 2650;
				TargetAttributes = {
					402B83A2920371E562FD6730 = {
						DevelopmentTeam = JU68L3U235;
						ProvisioningStyle = Automatic;
					};
					5014EC536FD1F8A94C35187B = {
						DevelopmentTeam = JU68L3U235;
						ProvisioningStyle = Automatic;
					};
					59603EAB85B5516879D5F34B = {
						DevelopmentTeam = JU68L3U235;
						ProvisioningStyle = Automatic;
						TestTargetID = 402B83A2920371E562FD6730;
					};
					929851A09527BCD39753C696 = {
						DevelopmentTeam = JU68L3U235;
						ProvisioningStyle = Automatic;
					};
					9440FE1B7D3D80400DD69B76 = {
						DevelopmentTeam = JU68L3U235;
						ProvisioningStyle = Automatic;
						TestTargetID = 5014EC536FD1F8A94C35187B;
					};
				};
			};
			buildConfigurationList = B346D306C722AEA488E693AB /* Build configuration list for PBXProject "WordScene" */;
			developmentRegion = "zh-Hans";
			hasScannedForEncodings = 0;
			knownRegions = (
				Base,
				en,
				es,
				"zh-Hans",
			);
			mainGroup = 202AA4332A717340E61C26AB;
			minimizedProjectReferenceProxies = 1;
			preferredProjectObjectVersion = 77;
			productRefGroup = FDF283AE10D87F62171A9371 /* Products */;
			projectDirPath = "";
			projectRoot = "";
			targets = (
				402B83A2920371E562FD6730 /* WordScene */,
				5014EC536FD1F8A94C35187B /* WordSceneMac */,
				9440FE1B7D3D80400DD69B76 /* WordSceneMacTests */,
				929851A09527BCD39753C696 /* WordSceneTests */,
				59603EAB85B5516879D5F34B /* WordSceneUITests */,
			);
		};
/* End PBXProject section */

/* Begin PBXResourcesBuildPhase section */
		59943196C86BA96C8D25DED4 /* Resources */ = {
			isa = PBXResourcesBuildPhase;
			buildActionMask = 2147483647;
			files = (
				061E4D2504C5784EE78F29A0 /* Assets.xcassets in Resources */,
				601E8031A2DC6926A6F56777 /* InfoPlist.strings in Resources */,
				5B7C76985F8F39C9C3F15CB0 /* Localizable.xcstrings in Resources */,
				2BB75C7F3580296B3F664533 /* PrivacyInfo.xcprivacy in Resources */,
				8278CBA84B1B4B24B0D6980D /* WordSceneAppIcon-previous-20260531.png in Resources */,
				3816E6F7FCC71CC7F37D29ED /* WordSceneLogo-v2.png in Resources */,
				9F26440D8AF5ACF3CDC08D1C /* WordSceneLogo.png in Resources */,
			);
			runOnlyForDeploymentPostprocessing = 0;
		};
		FC822117C1C2534DB6FB8358 /* Resources */ = {
			isa = PBXResourcesBuildPhase;
			buildActionMask = 2147483647;
			files = (
				B932D7127D7C1EF2DD043CD3 /* Assets.xcassets in Resources */,
				7923D8806E42E96FBC91A61F /* InfoPlist.strings in Resources */,
				6FD85F1B603FFBCABE71A6B9 /* Localizable.xcstrings in Resources */,
				BC504BA40DF313394019842F /* PrivacyInfo.xcprivacy in Resources */,
				A0034B44AA4CA6ED09ABFE1C /* WordSceneAppIcon-previous-20260531.png in Resources */,
				E76DDD0A8FFBDF3F10687C15 /* WordSceneLogo-v2.png in Resources */,
				882949E983224EB9D2AF5600 /* WordSceneLogo.png in Resources */,
			);
			runOnlyForDeploymentPostprocessing = 0;
		};
/* End PBXResourcesBuildPhase section */

/* Begin PBXShellScriptBuildPhase section */
		047824433F73B151C8AA1429 /* Generate complete macOS AppIcon.icns */ = {
			isa = PBXShellScriptBuildPhase;
			buildActionMask = 2147483647;
			files = (
			);
			inputFileListPaths = (
			);
			inputPaths = (
				"$(SRCROOT)/WordScene/Resources/Assets.xcassets/AppIcon.appiconset/Icon-16-mac.png",
				"$(SRCROOT)/WordScene/Resources/Assets.xcassets/AppIcon.appiconset/Icon-16-mac@2x.png",
				"$(SRCROOT)/WordScene/Resources/Assets.xcassets/AppIcon.appiconset/Icon-32-mac.png",
				"$(SRCROOT)/WordScene/Resources/Assets.xcassets/AppIcon.appiconset/Icon-32-mac@2x.png",
				"$(SRCROOT)/WordScene/Resources/Assets.xcassets/AppIcon.appiconset/Icon-128-mac.png",
				"$(SRCROOT)/WordScene/Resources/Assets.xcassets/AppIcon.appiconset/Icon-128-mac@2x.png",
				"$(SRCROOT)/WordScene/Resources/Assets.xcassets/AppIcon.appiconset/Icon-256-mac.png",
				"$(SRCROOT)/WordScene/Resources/Assets.xcassets/AppIcon.appiconset/Icon-256-mac@2x.png",
				"$(SRCROOT)/WordScene/Resources/Assets.xcassets/AppIcon.appiconset/Icon-512-mac.png",
				"$(SRCROOT)/WordScene/Resources/Assets.xcassets/AppIcon.appiconset/Icon-1024.png",
			);
			name = "Generate complete macOS AppIcon.icns";
			outputFileListPaths = (
			);
			outputPaths = (
				"$(TARGET_BUILD_DIR)/$(UNLOCALIZED_RESOURCES_FOLDER_PATH)/AppIcon.icns",
			);
			runOnlyForDeploymentPostprocessing = 0;
			shellPath = /bin/sh;
			shellScript = scripts/internal/generate_macos_app_icon.sh;
		};
/* End PBXShellScriptBuildPhase section */

/* Begin PBXSourcesBuildPhase section */
		27FCCA2B24ECF48C5235F7D6 /* Sources */ = {
			isa = PBXSourcesBuildPhase;
			buildActionMask = 2147483647;
			files = (
				C5C7FD729E47B60912B70165 /* AppBuildInfoTests.swift in Sources */,
				E8387D3BEC5985278E5A4367 /* AppDataControllerTests.swift in Sources */,
				449D3DC4979DF1C9B78B3A56 /* AppLocalizationTests.swift in Sources */,
				F48575D457E1FA25FEF9C74E /* CloudKitSchemaInitializationTests.swift in Sources */,
				11B2E89470900D5DEA1D7BAC /* CoreDataMemoryStoreTests.swift in Sources */,
				063E7182FAD89E83C949B943 /* DeepSeekBalanceResponseTests.swift in Sources */,
				0B302040AA11E344D195DAC1 /* DeepSeekTranslationResponseTests.swift in Sources */,
				079B623B7B372FF0D90B0607 /* LanguageDirectionTests.swift in Sources */,
				C65D6718A9324DEC7B39CDDA /* LocalPersistenceRecoveryControllerTests.swift in Sources */,
				43AB84FD291E44A04B68B638 /* MemoryImportExportServiceTests.swift in Sources */,
				BF1F72105F4C4F55A66462C6 /* MemoryItemCodingTests.swift in Sources */,
				42A19CF24E3C4333EE756EE6 /* MemoryLibraryRepositoryTests.swift in Sources */,
				7AB1A9BC5FAC51F0C6A22E06 /* MemoryLibraryStoreTests.swift in Sources */,
				EF9C91796A1D3361577B3BD1 /* MemorySearchIndexTests.swift in Sources */,
				99789BE74D4F9380AE1099C6 /* PinyinTransliteratorTests.swift in Sources */,
				D203F1C0B2BE8C8119E34532 /* SettingsErrorMessageFactoryTests.swift in Sources */,
				006BCD5E5A69C195FA9490C4 /* SettingsImportExportControllerTests.swift in Sources */,
				A4A5D25B054C3C52CF254C35 /* TranslationHistoryRepositoryTests.swift in Sources */,
				266ACE20C07FC4780D9E87C6 /* TranslationHistoryStoreTests.swift in Sources */,
				EBB64F51EEB42F7B3A935EA3 /* TranslationWorkflowTests.swift in Sources */,
			);
			runOnlyForDeploymentPostprocessing = 0;
		};
		5E19350A5A60D553225350E4 /* Sources */ = {
			isa = PBXSourcesBuildPhase;
			buildActionMask = 2147483647;
			files = (
				CEF28723147A8B231DAB70FB /* AppBuildInfoTests.swift in Sources */,
				102D82AE369D4F041D4243DC /* AppDataControllerTests.swift in Sources */,
				E4CDA15012A3AC0294D6052F /* AppLocalizationTests.swift in Sources */,
				EFA165CBE0D22CEC640FB392 /* CloudKitSchemaInitializationTests.swift in Sources */,
				C765D91811294F1FF8736585 /* CoreDataMemoryStoreTests.swift in Sources */,
				CD66F6383CF9B9FEF278BC0E /* DeepSeekBalanceResponseTests.swift in Sources */,
				2820F677E928FD959E601CC4 /* DeepSeekTranslationResponseTests.swift in Sources */,
				3B8CE754475ECBFAFF85413B /* LanguageDirectionTests.swift in Sources */,
				7FFE125CA283C5951E815B72 /* LocalPersistenceRecoveryControllerTests.swift in Sources */,
				A3763EB90C333BAE13DD6151 /* MemoryImportExportServiceTests.swift in Sources */,
				9D8C15C3A824CE20FBC6D246 /* MemoryItemCodingTests.swift in Sources */,
				658402080E63EA0C380C2A7F /* MemoryLibraryRepositoryTests.swift in Sources */,
				51A7D2152AAEDC76A7575CA1 /* MemoryLibraryStoreTests.swift in Sources */,
				78A03AF21F3FA00B9E737465 /* MemorySearchIndexTests.swift in Sources */,
				F294FCD453CF07E7643B19C8 /* PinyinTransliteratorTests.swift in Sources */,
				029632FEBA8975DA58B860D4 /* SettingsErrorMessageFactoryTests.swift in Sources */,
				6240C1716D03756546DA1020 /* SettingsImportExportControllerTests.swift in Sources */,
				AC65FFFB9A83544D8D9E2DA8 /* TranslationHistoryRepositoryTests.swift in Sources */,
				40D429323A1B11DBAE9BFE66 /* TranslationHistoryStoreTests.swift in Sources */,
				EBB18BFE15879357DE3B3855 /* TranslationWorkflowTests.swift in Sources */,
			);
			runOnlyForDeploymentPostprocessing = 0;
		};
		A232128FF4FB6E53F76767EF /* Sources */ = {
			isa = PBXSourcesBuildPhase;
			buildActionMask = 2147483647;
			files = (
				D0E565B8A4A90D20321F8764 /* WordSceneLaunchUITests.swift in Sources */,
			);
			runOnlyForDeploymentPostprocessing = 0;
		};
		D235C0EB861FEE3E9FFFF6BE /* Sources */ = {
			isa = PBXSourcesBuildPhase;
			buildActionMask = 2147483647;
			files = (
				7AEBF304A5DF92C4DC087CF7 /* AdaptiveLayout.swift in Sources */,
				F7673D2CAD402679A62E7E8E /* AppBuildInfo.swift in Sources */,
				BDFAED11B6771D1197923B93 /* AppDataController.swift in Sources */,
				5CDE955C2035798FB02E1F34 /* AppSection.swift in Sources */,
				135D99D273777D3420083E87 /* CoreDataMemoryStore.swift in Sources */,
				4F9F3DF50F9EC0FAC283925F /* DebugRawAPIResponseRecorder.swift in Sources */,
				A9460D82F6024D2375A935A2 /* DeepSeekBalanceClient.swift in Sources */,
				54AA5AEAA990601A284040CA /* DeepSeekCredential.swift in Sources */,
				043498A7445FCFA8D53626E7 /* DeepSeekTranslationClient.swift in Sources */,
				E5E0E767AB87050F9F6D44CF /* KeychainCredentialStore.swift in Sources */,
				92D0C51F92C3D103A797888E /* LanguageSelection.swift in Sources */,
				F8D301CB66598C87B2FE6BE4 /* LibraryView.swift in Sources */,
				3FB40CF1FAF4F3EB852ABBD7 /* LocalPersistenceRecoveryController.swift in Sources */,
				D1F2AFD6AA8B965DAABB9995 /* LocalPersistenceStoreError.swift in Sources */,
				39C00451F4E5C6C7CB6C1CCF /* MemoryImportExportService.swift in Sources */,
				94A3C66F428D89952D709864 /* MemoryItem.swift in Sources */,
				A1FF6F8390ABACCCFC42D618 /* MemoryLibraryRepository.swift in Sources */,
				F7A5C8B44172D6B4E104ED37 /* MemoryLibraryStore.swift in Sources */,
				919982FFBFBCDFAB048AB6CB /* MemorySearchIndex.swift in Sources */,
				F97F4B8D24BEEB2F3A3F5E34 /* PinyinTransliterator.swift in Sources */,
				3592CEE5F9506FF06612E915 /* RootView.swift in Sources */,
				1CC84765351E1A9CE13617BA /* SearchView.swift in Sources */,
				E5B7353A38053A7132DC2B4E /* SettingsImportExportController.swift in Sources */,
				CF7EB547CD1BC2DBBDFE2522 /* SettingsView.swift in Sources */,
				5AA52AD95D961059839402F1 /* TranslationHistoryRepository.swift in Sources */,
				1D6B8A92C3FDC97C4A422064 /* TranslationHistoryStore.swift in Sources */,
				4F46BEAA4AB8DC57D8EB9575 /* TranslationLanguageDirection.swift in Sources */,
				B496C9CBBEAC38EA4F3E8E33 /* TranslationRecord.swift in Sources */,
				261538CC6268D556FF32E9AA /* TranslationView.swift in Sources */,
				A52792C146BF20E923447A64 /* TranslationWorkflow.swift in Sources */,
				3417254A726A1308C0B0DD66 /* WordSceneApp.swift in Sources */,
			);
			runOnlyForDeploymentPostprocessing = 0;
		};
		F1E82AF2F3339E7C6376ED70 /* Sources */ = {
			isa = PBXSourcesBuildPhase;
			buildActionMask = 2147483647;
			files = (
				96456CE04F829F9F661C839E /* AdaptiveLayout.swift in Sources */,
				47E69F27C72A015EC91AEAA1 /* AppBuildInfo.swift in Sources */,
				E52F57F2A8F6D00761F689F6 /* AppDataController.swift in Sources */,
				E09554AFBB7DD4768B82DC15 /* AppSection.swift in Sources */,
				0F01AF2937029ED82C6A143C /* CoreDataMemoryStore.swift in Sources */,
				1D272F40CF2071079A053F15 /* DebugRawAPIResponseRecorder.swift in Sources */,
				B1617BC8C90214DE4CF412C6 /* DeepSeekBalanceClient.swift in Sources */,
				5C49BD02C7FBE77B1F092DD2 /* DeepSeekCredential.swift in Sources */,
				46CCF4A9897F51A4CD0E21EA /* DeepSeekTranslationClient.swift in Sources */,
				476694B4B3CE19D8A409F518 /* KeychainCredentialStore.swift in Sources */,
				5EEC62C69EB60B2B59C05667 /* LanguageSelection.swift in Sources */,
				02D6EB6FE471B72C253E694B /* LibraryView.swift in Sources */,
				DFAD3D76DEC11442F0EEC8C1 /* LocalPersistenceRecoveryController.swift in Sources */,
				832EEB97AC7EE88AB5CD7247 /* LocalPersistenceStoreError.swift in Sources */,
				3C1DEF743818571127CE27FB /* MemoryImportExportService.swift in Sources */,
				08E0FC5C646757C700EA296E /* MemoryItem.swift in Sources */,
				4B092C560E36716FA36BB078 /* MemoryLibraryRepository.swift in Sources */,
				45C320DAFD453EB3027BE263 /* MemoryLibraryStore.swift in Sources */,
				D245667910DAF40BCE19A0D5 /* MemorySearchIndex.swift in Sources */,
				17F311650DEBB0F7621F968A /* PinyinTransliterator.swift in Sources */,
				5F1E865DDB719AF0D63F4343 /* RootView.swift in Sources */,
				91566169B9D98817B5F67F57 /* SearchView.swift in Sources */,
				2410A73DB9FC0D3870C49871 /* SettingsImportExportController.swift in Sources */,
				FDD53739EF8AB0B95F367036 /* SettingsView.swift in Sources */,
				0E11FBE5FB9107A314FEEF91 /* TranslationHistoryRepository.swift in Sources */,
				0671A7181E2798D1F30336E0 /* TranslationHistoryStore.swift in Sources */,
				D8FEA8870625A4556E0A93CF /* TranslationLanguageDirection.swift in Sources */,
				AC19431356023625286C7D0B /* TranslationRecord.swift in Sources */,
				B96FA72ACC684B146879D2A3 /* TranslationView.swift in Sources */,
				93586842A3D1F2890284039B /* TranslationWorkflow.swift in Sources */,
				4EF9E0FF93BCAA01045EE0F8 /* WordSceneApp.swift in Sources */,
			);
			runOnlyForDeploymentPostprocessing = 0;
		};
/* End PBXSourcesBuildPhase section */

/* Begin PBXTargetDependency section */
		8F722A2B94D824FAC3390FC9 /* PBXTargetDependency */ = {
			isa = PBXTargetDependency;
			target = 5014EC536FD1F8A94C35187B /* WordSceneMac */;
			targetProxy = C79621CCDEB15C9D839F78E4 /* PBXContainerItemProxy */;
		};
		AAC12EBAD5BE6EB17086AB80 /* PBXTargetDependency */ = {
			isa = PBXTargetDependency;
			target = 402B83A2920371E562FD6730 /* WordScene */;
			targetProxy = 43DACDF6921A1B653E554823 /* PBXContainerItemProxy */;
		};
		FE2F6D493D790CEC0309F2BB /* PBXTargetDependency */ = {
			isa = PBXTargetDependency;
			target = 402B83A2920371E562FD6730 /* WordScene */;
			targetProxy = B35ED524E04BAD98301CA230 /* PBXContainerItemProxy */;
		};
/* End PBXTargetDependency section */

/* Begin PBXVariantGroup section */
		DE67FC610560C08B600F953A /* InfoPlist.strings */ = {
			isa = PBXVariantGroup;
			children = (
				B0C4B50893C096889DF9D09D /* en */,
				D7AFFA06A08B69A49579A2C8 /* es */,
				9FB6E05D994332391A0906EE /* zh-Hans */,
			);
			name = InfoPlist.strings;
			sourceTree = "<group>";
		};
/* End PBXVariantGroup section */

/* Begin XCBuildConfiguration section */
		12E2445AD2B8B8ABD25C1BFF /* Release */ = {
			isa = XCBuildConfiguration;
			buildSettings = {
				BUNDLE_LOADER = "$(TEST_HOST)";
				COMBINE_HIDPI_IMAGES = YES;
				GENERATE_INFOPLIST_FILE = YES;
				LD_RUNPATH_SEARCH_PATHS = (
					"$(inherited)",
					"@executable_path/../Frameworks",
					"@loader_path/../Frameworks",
				);
				MACOSX_DEPLOYMENT_TARGET = 15.0;
				PRODUCT_BUNDLE_IDENTIFIER = com.erikssonhou.leximemory.mactests;
				PRODUCT_MODULE_NAME = WordSceneMacTests;
				SDKROOT = macosx;
				TEST_HOST = "$(BUILT_PRODUCTS_DIR)/Word Scene.app/$(BUNDLE_EXECUTABLE_FOLDER_PATH)/Word Scene";
			};
			name = Release;
		};
		16CA860D4951BD55A6B98D44 /* Debug */ = {
			isa = XCBuildConfiguration;
			buildSettings = {
				BUNDLE_LOADER = "$(TEST_HOST)";
				COMBINE_HIDPI_IMAGES = YES;
				GENERATE_INFOPLIST_FILE = YES;
				LD_RUNPATH_SEARCH_PATHS = (
					"$(inherited)",
					"@executable_path/../Frameworks",
					"@loader_path/../Frameworks",
				);
				MACOSX_DEPLOYMENT_TARGET = 15.0;
				PRODUCT_BUNDLE_IDENTIFIER = com.erikssonhou.leximemory.mactests;
				PRODUCT_MODULE_NAME = WordSceneMacTests;
				SDKROOT = macosx;
				TEST_HOST = "$(BUILT_PRODUCTS_DIR)/Word Scene.app/$(BUNDLE_EXECUTABLE_FOLDER_PATH)/Word Scene";
			};
			name = Debug;
		};
		295113FA9053A72B9EA9445D /* Debug */ = {
			isa = XCBuildConfiguration;
			buildSettings = {
				ASSETCATALOG_COMPILER_APPICON_NAME = AppIcon;
				CODE_SIGN_ENTITLEMENTS = WordScene/WordSceneiOS.entitlements;
				CODE_SIGN_IDENTITY = "iPhone Developer";
				CURRENT_PROJECT_VERSION = 6;
				ENABLE_DEBUG_DYLIB = NO;
				GENERATE_INFOPLIST_FILE = YES;
				INFOPLIST_FILE = WordScene/Generated/WordSceneInfo.plist;
				INFOPLIST_KEY_CFBundleDisplayName = "译笺";
				INFOPLIST_KEY_LSApplicationCategoryType = "public.app-category.education";
				INFOPLIST_KEY_UIApplicationSceneManifest_Generation = YES;
				INFOPLIST_KEY_UILaunchScreen_Generation = YES;
				INFOPLIST_KEY_UISupportedInterfaceOrientations_iPad = "UIInterfaceOrientationPortrait UIInterfaceOrientationPortraitUpsideDown UIInterfaceOrientationLandscapeLeft UIInterfaceOrientationLandscapeRight";
				IPHONEOS_DEPLOYMENT_TARGET = 18.0;
				LD_RUNPATH_SEARCH_PATHS = (
					"$(inherited)",
					"@executable_path/Frameworks",
				);
				PRODUCT_BUNDLE_IDENTIFIER = com.erikssonhou.leximemory;
				PRODUCT_MODULE_NAME = WordScene;
				PRODUCT_NAME = "Word Scene";
				SDKROOT = iphoneos;
				SUPPORTED_PLATFORMS = "iphoneos iphonesimulator";
				TARGETED_DEVICE_FAMILY = "1,2";
			};
			name = Debug;
		};
		3226B4854A13B68B653BE62B /* Debug */ = {
			isa = XCBuildConfiguration;
			buildSettings = {
				BUNDLE_LOADER = "$(TEST_HOST)";
				GENERATE_INFOPLIST_FILE = YES;
				IPHONEOS_DEPLOYMENT_TARGET = 18.0;
				LD_RUNPATH_SEARCH_PATHS = (
					"$(inherited)",
					"@executable_path/Frameworks",
					"@loader_path/Frameworks",
				);
				PRODUCT_BUNDLE_IDENTIFIER = com.erikssonhou.leximemory.uitests;
				PRODUCT_MODULE_NAME = WordSceneUITests;
				SDKROOT = iphoneos;
				SUPPORTED_PLATFORMS = "iphoneos iphonesimulator";
				TARGETED_DEVICE_FAMILY = "1,2";
				TEST_TARGET_NAME = WordScene;
			};
			name = Debug;
		};
		44B89F5D7D3CE0FC24163F87 /* Release */ = {
			isa = XCBuildConfiguration;
			buildSettings = {
				BUNDLE_LOADER = "$(TEST_HOST)";
				GENERATE_INFOPLIST_FILE = YES;
				IPHONEOS_DEPLOYMENT_TARGET = 18.0;
				LD_RUNPATH_SEARCH_PATHS = (
					"$(inherited)",
					"@executable_path/Frameworks",
					"@loader_path/Frameworks",
				);
				PRODUCT_BUNDLE_IDENTIFIER = com.erikssonhou.leximemory.tests;
				PRODUCT_MODULE_NAME = WordSceneTests;
				SDKROOT = iphoneos;
				SUPPORTED_PLATFORMS = "iphoneos iphonesimulator";
				TARGETED_DEVICE_FAMILY = "1,2";
				TEST_HOST = "$(BUILT_PRODUCTS_DIR)/Word Scene.app/Word Scene";
			};
			name = Release;
		};
		56F0D7074812B49A7D83811F /* Release */ = {
			isa = XCBuildConfiguration;
			buildSettings = {
				ALWAYS_SEARCH_USER_PATHS = NO;
				APS_ENVIRONMENT = production;
				ASSETCATALOG_COMPILER_GENERATE_SWIFT_ASSET_SYMBOL_EXTENSIONS = YES;
				CLANG_ANALYZER_NONNULL = YES;
				CLANG_ANALYZER_NUMBER_OBJECT_CONVERSION = YES_AGGRESSIVE;
				CLANG_CXX_LANGUAGE_STANDARD = "gnu++14";
				CLANG_CXX_LIBRARY = "libc++";
				CLANG_ENABLE_MODULES = YES;
				CLANG_ENABLE_OBJC_ARC = YES;
				CLANG_ENABLE_OBJC_WEAK = YES;
				CLANG_WARN_BLOCK_CAPTURE_AUTORELEASING = YES;
				CLANG_WARN_BOOL_CONVERSION = YES;
				CLANG_WARN_COMMA = YES;
				CLANG_WARN_CONSTANT_CONVERSION = YES;
				CLANG_WARN_DEPRECATED_OBJC_IMPLEMENTATIONS = YES;
				CLANG_WARN_DIRECT_OBJC_ISA_USAGE = YES_ERROR;
				CLANG_WARN_DOCUMENTATION_COMMENTS = YES;
				CLANG_WARN_EMPTY_BODY = YES;
				CLANG_WARN_ENUM_CONVERSION = YES;
				CLANG_WARN_INFINITE_RECURSION = YES;
				CLANG_WARN_INT_CONVERSION = YES;
				CLANG_WARN_NON_LITERAL_NULL_CONVERSION = YES;
				CLANG_WARN_OBJC_IMPLICIT_RETAIN_SELF = YES;
				CLANG_WARN_OBJC_LITERAL_CONVERSION = YES;
				CLANG_WARN_OBJC_ROOT_CLASS = YES_ERROR;
				CLANG_WARN_QUOTED_INCLUDE_IN_FRAMEWORK_HEADER = YES;
				CLANG_WARN_RANGE_LOOP_ANALYSIS = YES;
				CLANG_WARN_STRICT_PROTOTYPES = YES;
				CLANG_WARN_SUSPICIOUS_MOVE = YES;
				CLANG_WARN_UNGUARDED_AVAILABILITY = YES_AGGRESSIVE;
				CLANG_WARN_UNREACHABLE_CODE = YES;
				CLANG_WARN__DUPLICATE_METHOD_MATCH = YES;
				CODE_SIGN_STYLE = Automatic;
				COPY_PHASE_STRIP = NO;
				CURRENT_PROJECT_VERSION = 1;
				DEBUG_INFORMATION_FORMAT = "dwarf-with-dsym";
				DEVELOPMENT_LANGUAGE = "zh-Hans";
				DEVELOPMENT_TEAM = JU68L3U235;
				ENABLE_NS_ASSERTIONS = NO;
				ENABLE_STRICT_OBJC_MSGSEND = YES;
				GCC_C_LANGUAGE_STANDARD = gnu11;
				GCC_NO_COMMON_BLOCKS = YES;
				GCC_WARN_64_TO_32_BIT_CONVERSION = YES;
				GCC_WARN_ABOUT_RETURN_TYPE = YES_ERROR;
				GCC_WARN_UNDECLARED_SELECTOR = YES;
				GCC_WARN_UNINITIALIZED_AUTOS = YES_AGGRESSIVE;
				GCC_WARN_UNUSED_FUNCTION = YES;
				GCC_WARN_UNUSED_VARIABLE = YES;
				IPHONEOS_DEPLOYMENT_TARGET = 18.0;
				MACOSX_DEPLOYMENT_TARGET = 15.0;
				MARKETING_VERSION = 1.0.0;
				MTL_ENABLE_DEBUG_INFO = NO;
				MTL_FAST_MATH = YES;
				PRODUCT_NAME = "$(TARGET_NAME)";
				SWIFT_COMPILATION_MODE = wholemodule;
				SWIFT_OPTIMIZATION_LEVEL = "-O";
				SWIFT_VERSION = 6.0;
			};
			name = Release;
		};
		811222515346742D66A4D9F7 /* Debug */ = {
			isa = XCBuildConfiguration;
			buildSettings = {
				ALWAYS_SEARCH_USER_PATHS = NO;
				APS_ENVIRONMENT = development;
				ASSETCATALOG_COMPILER_GENERATE_SWIFT_ASSET_SYMBOL_EXTENSIONS = YES;
				CLANG_ANALYZER_NONNULL = YES;
				CLANG_ANALYZER_NUMBER_OBJECT_CONVERSION = YES_AGGRESSIVE;
				CLANG_CXX_LANGUAGE_STANDARD = "gnu++14";
				CLANG_CXX_LIBRARY = "libc++";
				CLANG_ENABLE_MODULES = YES;
				CLANG_ENABLE_OBJC_ARC = YES;
				CLANG_ENABLE_OBJC_WEAK = YES;
				CLANG_WARN_BLOCK_CAPTURE_AUTORELEASING = YES;
				CLANG_WARN_BOOL_CONVERSION = YES;
				CLANG_WARN_COMMA = YES;
				CLANG_WARN_CONSTANT_CONVERSION = YES;
				CLANG_WARN_DEPRECATED_OBJC_IMPLEMENTATIONS = YES;
				CLANG_WARN_DIRECT_OBJC_ISA_USAGE = YES_ERROR;
				CLANG_WARN_DOCUMENTATION_COMMENTS = YES;
				CLANG_WARN_EMPTY_BODY = YES;
				CLANG_WARN_ENUM_CONVERSION = YES;
				CLANG_WARN_INFINITE_RECURSION = YES;
				CLANG_WARN_INT_CONVERSION = YES;
				CLANG_WARN_NON_LITERAL_NULL_CONVERSION = YES;
				CLANG_WARN_OBJC_IMPLICIT_RETAIN_SELF = YES;
				CLANG_WARN_OBJC_LITERAL_CONVERSION = YES;
				CLANG_WARN_OBJC_ROOT_CLASS = YES_ERROR;
				CLANG_WARN_QUOTED_INCLUDE_IN_FRAMEWORK_HEADER = YES;
				CLANG_WARN_RANGE_LOOP_ANALYSIS = YES;
				CLANG_WARN_STRICT_PROTOTYPES = YES;
				CLANG_WARN_SUSPICIOUS_MOVE = YES;
				CLANG_WARN_UNGUARDED_AVAILABILITY = YES_AGGRESSIVE;
				CLANG_WARN_UNREACHABLE_CODE = YES;
				CLANG_WARN__DUPLICATE_METHOD_MATCH = YES;
				CODE_SIGN_STYLE = Automatic;
				COPY_PHASE_STRIP = NO;
				CURRENT_PROJECT_VERSION = 1;
				DEBUG_INFORMATION_FORMAT = dwarf;
				DEVELOPMENT_LANGUAGE = "zh-Hans";
				DEVELOPMENT_TEAM = JU68L3U235;
				ENABLE_STRICT_OBJC_MSGSEND = YES;
				ENABLE_TESTABILITY = YES;
				GCC_C_LANGUAGE_STANDARD = gnu11;
				GCC_DYNAMIC_NO_PIC = NO;
				GCC_NO_COMMON_BLOCKS = YES;
				GCC_OPTIMIZATION_LEVEL = 0;
				GCC_PREPROCESSOR_DEFINITIONS = (
					"$(inherited)",
					"DEBUG=1",
				);
				GCC_WARN_64_TO_32_BIT_CONVERSION = YES;
				GCC_WARN_ABOUT_RETURN_TYPE = YES_ERROR;
				GCC_WARN_UNDECLARED_SELECTOR = YES;
				GCC_WARN_UNINITIALIZED_AUTOS = YES_AGGRESSIVE;
				GCC_WARN_UNUSED_FUNCTION = YES;
				GCC_WARN_UNUSED_VARIABLE = YES;
				IPHONEOS_DEPLOYMENT_TARGET = 18.0;
				MACOSX_DEPLOYMENT_TARGET = 15.0;
				MARKETING_VERSION = 1.0.0;
				MTL_ENABLE_DEBUG_INFO = INCLUDE_SOURCE;
				MTL_FAST_MATH = YES;
				ONLY_ACTIVE_ARCH = YES;
				PRODUCT_NAME = "$(TARGET_NAME)";
				SWIFT_ACTIVE_COMPILATION_CONDITIONS = DEBUG;
				SWIFT_OPTIMIZATION_LEVEL = "-Onone";
				SWIFT_VERSION = 6.0;
			};
			name = Debug;
		};
		A01174AD4F42CF4D1BD51A5D /* Release */ = {
			isa = XCBuildConfiguration;
			buildSettings = {
				ASSETCATALOG_COMPILER_APPICON_NAME = AppIcon;
				CODE_SIGN_ENTITLEMENTS = WordScene/WordSceneMac.entitlements;
				COMBINE_HIDPI_IMAGES = YES;
				CURRENT_PROJECT_VERSION = 6;
				GENERATE_INFOPLIST_FILE = YES;
				INFOPLIST_KEY_CFBundleDisplayName = "译笺";
				INFOPLIST_KEY_LSApplicationCategoryType = "public.app-category.education";
				LD_RUNPATH_SEARCH_PATHS = (
					"$(inherited)",
					"@executable_path/../Frameworks",
				);
				MACOSX_DEPLOYMENT_TARGET = 15.0;
				PRODUCT_BUNDLE_IDENTIFIER = com.erikssonhou.leximemory;
				PRODUCT_MODULE_NAME = WordScene;
				PRODUCT_NAME = "Word Scene";
				SDKROOT = macosx;
			};
			name = Release;
		};
		A29B3B8A4CAAD3EB8F6AB1EA /* Release */ = {
			isa = XCBuildConfiguration;
			buildSettings = {
				ASSETCATALOG_COMPILER_APPICON_NAME = AppIcon;
				CODE_SIGN_ENTITLEMENTS = WordScene/WordSceneiOS.entitlements;
				CODE_SIGN_IDENTITY = "iPhone Developer";
				CURRENT_PROJECT_VERSION = 6;
				ENABLE_DEBUG_DYLIB = NO;
				GENERATE_INFOPLIST_FILE = YES;
				INFOPLIST_FILE = WordScene/Generated/WordSceneInfo.plist;
				INFOPLIST_KEY_CFBundleDisplayName = "译笺";
				INFOPLIST_KEY_LSApplicationCategoryType = "public.app-category.education";
				INFOPLIST_KEY_UIApplicationSceneManifest_Generation = YES;
				INFOPLIST_KEY_UILaunchScreen_Generation = YES;
				INFOPLIST_KEY_UISupportedInterfaceOrientations_iPad = "UIInterfaceOrientationPortrait UIInterfaceOrientationPortraitUpsideDown UIInterfaceOrientationLandscapeLeft UIInterfaceOrientationLandscapeRight";
				IPHONEOS_DEPLOYMENT_TARGET = 18.0;
				LD_RUNPATH_SEARCH_PATHS = (
					"$(inherited)",
					"@executable_path/Frameworks",
				);
				PRODUCT_BUNDLE_IDENTIFIER = com.erikssonhou.leximemory;
				PRODUCT_MODULE_NAME = WordScene;
				PRODUCT_NAME = "Word Scene";
				SDKROOT = iphoneos;
				SUPPORTED_PLATFORMS = "iphoneos iphonesimulator";
				TARGETED_DEVICE_FAMILY = "1,2";
			};
			name = Release;
		};
		A69903D4246F07057C167DB7 /* Debug */ = {
			isa = XCBuildConfiguration;
			buildSettings = {
				ASSETCATALOG_COMPILER_APPICON_NAME = AppIcon;
				CODE_SIGN_ENTITLEMENTS = WordScene/WordSceneMac.entitlements;
				COMBINE_HIDPI_IMAGES = YES;
				CURRENT_PROJECT_VERSION = 6;
				GENERATE_INFOPLIST_FILE = YES;
				INFOPLIST_KEY_CFBundleDisplayName = "译笺";
				INFOPLIST_KEY_LSApplicationCategoryType = "public.app-category.education";
				LD_RUNPATH_SEARCH_PATHS = (
					"$(inherited)",
					"@executable_path/../Frameworks",
				);
				MACOSX_DEPLOYMENT_TARGET = 15.0;
				PRODUCT_BUNDLE_IDENTIFIER = com.erikssonhou.leximemory;
				PRODUCT_MODULE_NAME = WordScene;
				PRODUCT_NAME = "Word Scene";
				SDKROOT = macosx;
			};
			name = Debug;
		};
		E3A938844AA894A64FD6EAD9 /* Release */ = {
			isa = XCBuildConfiguration;
			buildSettings = {
				BUNDLE_LOADER = "$(TEST_HOST)";
				GENERATE_INFOPLIST_FILE = YES;
				IPHONEOS_DEPLOYMENT_TARGET = 18.0;
				LD_RUNPATH_SEARCH_PATHS = (
					"$(inherited)",
					"@executable_path/Frameworks",
					"@loader_path/Frameworks",
				);
				PRODUCT_BUNDLE_IDENTIFIER = com.erikssonhou.leximemory.uitests;
				PRODUCT_MODULE_NAME = WordSceneUITests;
				SDKROOT = iphoneos;
				SUPPORTED_PLATFORMS = "iphoneos iphonesimulator";
				TARGETED_DEVICE_FAMILY = "1,2";
				TEST_TARGET_NAME = WordScene;
			};
			name = Release;
		};
		E784D52EDCE9E27E1D88E4A8 /* Debug */ = {
			isa = XCBuildConfiguration;
			buildSettings = {
				BUNDLE_LOADER = "$(TEST_HOST)";
				GENERATE_INFOPLIST_FILE = YES;
				IPHONEOS_DEPLOYMENT_TARGET = 18.0;
				LD_RUNPATH_SEARCH_PATHS = (
					"$(inherited)",
					"@executable_path/Frameworks",
					"@loader_path/Frameworks",
				);
				PRODUCT_BUNDLE_IDENTIFIER = com.erikssonhou.leximemory.tests;
				PRODUCT_MODULE_NAME = WordSceneTests;
				SDKROOT = iphoneos;
				SUPPORTED_PLATFORMS = "iphoneos iphonesimulator";
				TARGETED_DEVICE_FAMILY = "1,2";
				TEST_HOST = "$(BUILT_PRODUCTS_DIR)/Word Scene.app/Word Scene";
			};
			name = Debug;
		};
/* End XCBuildConfiguration section */

/* Begin XCConfigurationList section */
		41E3DADFAD1E20C65ADD435B /* Build configuration list for PBXNativeTarget "WordSceneTests" */ = {
			isa = XCConfigurationList;
			buildConfigurations = (
				E784D52EDCE9E27E1D88E4A8 /* Debug */,
				44B89F5D7D3CE0FC24163F87 /* Release */,
			);
			defaultConfigurationIsVisible = 0;
			defaultConfigurationName = Debug;
		};
		A01D93AE3E84F89813EAA824 /* Build configuration list for PBXNativeTarget "WordSceneMac" */ = {
			isa = XCConfigurationList;
			buildConfigurations = (
				A69903D4246F07057C167DB7 /* Debug */,
				A01174AD4F42CF4D1BD51A5D /* Release */,
			);
			defaultConfigurationIsVisible = 0;
			defaultConfigurationName = Debug;
		};
		B2B1C25CBD3624A99ECBD483 /* Build configuration list for PBXNativeTarget "WordSceneMacTests" */ = {
			isa = XCConfigurationList;
			buildConfigurations = (
				16CA860D4951BD55A6B98D44 /* Debug */,
				12E2445AD2B8B8ABD25C1BFF /* Release */,
			);
			defaultConfigurationIsVisible = 0;
			defaultConfigurationName = Debug;
		};
		B346D306C722AEA488E693AB /* Build configuration list for PBXProject "WordScene" */ = {
			isa = XCConfigurationList;
			buildConfigurations = (
				811222515346742D66A4D9F7 /* Debug */,
				56F0D7074812B49A7D83811F /* Release */,
			);
			defaultConfigurationIsVisible = 0;
			defaultConfigurationName = Debug;
		};
		D72030587C01075B1C4AE3BA /* Build configuration list for PBXNativeTarget "WordScene" */ = {
			isa = XCConfigurationList;
			buildConfigurations = (
				295113FA9053A72B9EA9445D /* Debug */,
				A29B3B8A4CAAD3EB8F6AB1EA /* Release */,
			);
			defaultConfigurationIsVisible = 0;
			defaultConfigurationName = Debug;
		};
		DB959ED262120A381ED761EA /* Build configuration list for PBXNativeTarget "WordSceneUITests" */ = {
			isa = XCConfigurationList;
			buildConfigurations = (
				3226B4854A13B68B653BE62B /* Debug */,
				E3A938844AA894A64FD6EAD9 /* Release */,
			);
			defaultConfigurationIsVisible = 0;
			defaultConfigurationName = Debug;
		};
/* End XCConfigurationList section */
	};
	rootObject = F17162CD6AFC5E736E4645C7 /* Project object */;
}
